// !$*UTF8*$!
{
	archiveVersion = 1;
	classes = {
	};
	objectVersion = 50;
	objects = {

/* Begin PBXBuildFile section */
		0F104C2A7CAD3C718A782FF2 /* Pods_iResumeTests.framework in Frameworks */ = {isa = PBXBuildFile; fileRef = 5A1F3D1EBB275E27E37B9264 /* Pods_iResumeTests.framework */; };
		AE73B4A119EEA1D0169962DE /* Pods_iResumeUITests.framework in Frameworks */ = {isa = PBXBuildFile; fileRef = 1CBC6646E7B358C0E2CE2310 /* Pods_iResumeUITests.framework */; };
		C1C3FF9522AF7510000B0FC9 /* AppDelegate.swift in Sources */ = {isa = PBXBuildFile; fileRef = C1C3FF9422AF7510000B0FC9 /* AppDelegate.swift */; };
		C1C3FF9722AF7510000B0FC9 /* ViewController.swift in Sources */ = {isa = PBXBuildFile; fileRef = C1C3FF9622AF7510000B0FC9 /* ViewController.swift */; };
		C1C3FF9A22AF7510000B0FC9 /* Main.storyboard in Resources */ = {isa = PBXBuildFile; fileRef = C1C3FF9822AF7510000B0FC9 /* Main.storyboard */; };
		C1C3FF9C22AF7512000B0FC9 /* Assets.xcassets in Resources */ = {isa = PBXBuildFile; fileRef = C1C3FF9B22AF7512000B0FC9 /* Assets.xcassets */; };
		C1C3FF9F22AF7512000B0FC9 /* LaunchScreen.storyboard in Resources */ = {isa = PBXBuildFile; fileRef = C1C3FF9D22AF7512000B0FC9 /* LaunchScreen.storyboard */; };
		C1C3FFAA22AF7512000B0FC9 /* iResumeTests.swift in Sources */ = {isa = PBXBuildFile; fileRef = C1C3FFA922AF7512000B0FC9 /* iResumeTests.swift */; };
		C1C3FFB522AF7512000B0FC9 /* iResumeUITests.swift in Sources */ = {isa = PBXBuildFile; fileRef = C1C3FFB422AF7512000B0FC9 /* iResumeUITests.swift */; };
		C1C3FFC322AF7906000B0FC9 /* GoogleService-Info.plist in Resources */ = {isa = PBXBuildFile; fileRef = C1C3FFC222AF7906000B0FC9 /* GoogleService-Info.plist */; };
		ED19B39CF5D6844858CF7A4C /* Pods_iResume.framework in Frameworks */ = {isa = PBXBuildFile; fileRef = F353EFE5EE54CB2EA328ED58 /* Pods_iResume.framework */; };
/* End PBXBuildFile section */

/* Begin PBXContainerItemProxy section */
		C1C3FFA622AF7512000B0FC9 /* PBXContainerItemProxy */ = {
			isa = PBXContainerItemProxy;
			containerPortal = C1C3FF8922AF7510000B0FC9 /* Project object */;
			proxyType = 1;
			remoteGlobalIDString = C1C3FF9022AF7510000B0FC9;
			remoteInfo = iResume;
		};
		C1C3FFB122AF7512000B0FC9 /* PBXContainerItemProxy */ = {
			isa = PBXContainerItemProxy;
			containerPortal = C1C3FF8922AF7510000B0FC9 /* Project object */;
			proxyType = 1;
			remoteGlobalIDString = C1C3FF9022AF7510000B0FC9;
			remoteInfo = iResume;
		};
/* End PBXContainerItemProxy section */

/* Begin PBXFileReference section */
		1CBC6646E7B358C0E2CE2310 /* Pods_iResumeUITests.framework */ = {isa = PBXFileReference; explicitFileType = wrapper.framework; includeInIndex = 0; path = Pods_iResumeUITests.framework; sourceTree = BUILT_PRODUCTS_DIR; };
		203CCCD7D28CB552911520C2 /* Pods-iResumeUITests.debug.xcconfig */ = {isa = PBXFileReference; includeInIndex = 1; lastKnownFileType = text.xcconfig; name = "Pods-iResumeUITests.debug.xcconfig"; path = "Target Support Files/Pods-iResumeUITests/Pods-iResumeUITests.debug.xcconfig"; sourceTree = "<group>"; };
		3DBDC4090A05414FFBF4C5CD /* Pods-iResumeTests.release.xcconfig */ = {isa = PBXFileReference; includeInIndex = 1; lastKnownFileType = text.xcconfig; name = "Pods-iResumeTests.release.xcconfig"; path = "Target Support Files/Pods-iResumeTests/Pods-iResumeTests.release.xcconfig"; sourceTree = "<group>"; };
		56739B2325FFCE9941FD72D7 /* Pods-iResume.debug.xcconfig */ = {isa = PBXFileReference; includeInIndex = 1; lastKnownFileType = text.xcconfig; name = "Pods-iResume.debug.xcconfig"; path = "Target Support Files/Pods-iResume/Pods-iResume.debug.xcconfig"; sourceTree = "<group>"; };
		5A1F3D1EBB275E27E37B9264 /* Pods_iResumeTests.framework */ = {isa = PBXFileReference; explicitFileType = wrapper.framework; includeInIndex = 0; path = Pods_iResumeTests.framework; sourceTree = BUILT_PRODUCTS_DIR; };
		A128D642800A4DA28CBB6926 /* Pods-iResumeTests.debug.xcconfig */ = {isa = PBXFileReference; includeInIndex = 1; lastKnownFileType = text.xcconfig; name = "Pods-iResumeTests.debug.xcconfig"; path = "Target Support Files/Pods-iResumeTests/Pods-iResumeTests.debug.xcconfig"; sourceTree = "<group>"; };
		A26FF186CE47415591AF94F6 /* Pods-iResume.release.xcconfig */ = {isa = PBXFileReference; includeInIndex = 1; lastKnownFileType = text.xcconfig; name = "Pods-iResume.release.xcconfig"; path = "Target Support Files/Pods-iResume/Pods-iResume.release.xcconfig"; sourceTree = "<group>"; };
		A7E579C5FFFB85D6B976E8E6 /* Pods-iResumeUITests.release.xcconfig */ = {isa = PBXFileReference; includeInIndex = 1; lastKnownFileType = text.xcconfig; name = "Pods-iResumeUITests.release.xcconfig"; path = "Target Support Files/Pods-iResumeUITests/Pods-iResumeUITests.release.xcconfig"; sourceTree = "<group>"; };
		C1C3FF9122AF7510000B0FC9 /* iResume.app */ = {isa = PBXFileReference; explicitFileType = wrapper.application; includeInIndex = 0; path = iResume.app; sourceTree = BUILT_PRODUCTS_DIR; };
		C1C3FF9422AF7510000B0FC9 /* AppDelegate.swift */ = {isa = PBXFileReference; lastKnownFileType = sourcecode.swift; path = AppDelegate.swift; sourceTree = "<group>"; };
		C1C3FF9622AF7510000B0FC9 /* ViewController.swift */ = {isa = PBXFileReference; lastKnownFileType = sourcecode.swift; path = ViewController.swift; sourceTree = "<group>"; };
		C1C3FF9922AF7510000B0FC9 /* Base */ = {isa = PBXFileReference; lastKnownFileType = file.storyboard; name = Base; path = Base.lproj/Main.storyboard; sourceTree = "<group>"; };
		C1C3FF9B22AF7512000B0FC9 /* Assets.xcassets */ = {isa = PBXFileReference; lastKnownFileType = folder.assetcatalog; path = Assets.xcassets; sourceTree = "<group>"; };
		C1C3FF9E22AF7512000B0FC9 /* Base */ = {isa = PBXFileReference; lastKnownFileType = file.storyboard; name = Base; path = Base.lproj/LaunchScreen.storyboard; sourceTree = "<group>"; };
		C1C3FFA022AF7512000B0FC9 /* Info.plist */ = {isa = PBXFileReference; lastKnownFileType = text.plist.xml; path = Info.plist; sourceTree = "<group>"; };
		C1C3FFA522AF7512000B0FC9 /* iResumeTests.xctest */ = {isa = PBXFileReference; explicitFileType = wrapper.cfbundle; includeInIndex = 0; path = iResumeTests.xctest; sourceTree = BUILT_PRODUCTS_DIR; };
		C1C3FFA922AF7512000B0FC9 /* iResumeTests.swift */ = {isa = PBXFileReference; lastKnownFileType = sourcecode.swift; path = iResumeTests.swift; sourceTree = "<group>"; };
		C1C3FFAB22AF7512000B0FC9 /* Info.plist */ = {isa = PBXFileReference; lastKnownFileType = text.plist.xml; path = Info.plist; sourceTree = "<group>"; };
		C1C3FFB022AF7512000B0FC9 /* iResumeUITests.xctest */ = {isa = PBXFileReference; explicitFileType = wrapper.cfbundle; includeInIndex = 0; path = iResumeUITests.xctest; sourceTree = BUILT_PRODUCTS_DIR; };
		C1C3FFB422AF7512000B0FC9 /* iResumeUITests.swift */ = {isa = PBXFileReference; lastKnownFileType = sourcecode.swift; path = iResumeUITests.swift; sourceTree = "<group>"; };
		C1C3FFB622AF7512000B0FC9 /* Info.plist */ = {isa = PBXFileReference; lastKnownFileType = text.plist.xml; path = Info.plist; sourceTree = "<group>"; };
		C1C3FFC222AF7906000B0FC9 /* GoogleService-Info.plist */ = {isa = PBXFileReference; fileEncoding = 4; lastKnownFileType = text.plist.xml; name = "GoogleService-Info.plist"; path = "../../../Desktop/GoogleService-Info.plist"; sourceTree = "<group>"; };
		F353EFE5EE54CB2EA328ED58 /* Pods_iResume.framework */ = {isa = PBXFileReference; explicitFileType = wrapper.framework; includeInIndex = 0; path = Pods_iResume.framework; sourceTree = BUILT_PRODUCTS_DIR; };
/* End PBXFileReference section */

/* Begin PBXFrameworksBuildPhase section */
		C1C3FF8E22AF7510000B0FC9 /* Frameworks */ = {
			isa = PBXFrameworksBuildPhase;
			buildActionMask = 2147483647;
			files = (
				ED19B39CF5D6844858CF7A4C /* Pods_iResume.framework in Frameworks */,
			);
			runOnlyForDeploymentPostprocessing = 0;
		};
		C1C3FFA222AF7512000B0FC9 /* Frameworks */ = {
			isa = PBXFrameworksBuildPhase;
			buildActionMask = 2147483647;
			files = (
				0F104C2A7CAD3C718A782FF2 /* Pods_iResumeTests.framework in Frameworks */,
			);
			runOnlyForDeploymentPostprocessing = 0;
		};
		C1C3FFAD22AF7512000B0FC9 /* Frameworks */ = {
			isa = PBXFrameworksBuildPhase;
			buildActionMask = 2147483647;
			files = (
				AE73B4A119EEA1D0169962DE /* Pods_iResumeUITests.framework in Frameworks */,
			);
			runOnlyForDeploymentPostprocessing = 0;
		};
/* End PBXFrameworksBuildPhase section */

/* Begin PBXGroup section */
		051A7E943F812093D753F91B /* Pods */ = {
			isa = PBXGroup;
			children = (
				56739B2325FFCE9941FD72D7 /* Pods-iResume.debug.xcconfig */,
				A26FF186CE47415591AF94F6 /* Pods-iResume.release.xcconfig */,
				A128D642800A4DA28CBB6926 /* Pods-iResumeTests.debug.xcconfig */,
				3DBDC4090A05414FFBF4C5CD /* Pods-iResumeTests.release.xcconfig */,
				203CCCD7D28CB552911520C2 /* Pods-iResumeUITests.debug.xcconfig */,
				A7E579C5FFFB85D6B976E8E6 /* Pods-iResumeUITests.release.xcconfig */,
			);
			path = Pods;
			sourceTree = "<group>";
		};
		8D4CAD2485565175F47A7C59 /* Frameworks */ = {
			isa = PBXGroup;
			children = (
				F353EFE5EE54CB2EA328ED58 /* Pods_iResume.framework */,
				5A1F3D1EBB275E27E37B9264 /* Pods_iResumeTests.framework */,
				1CBC6646E7B358C0E2CE2310 /* Pods_iResumeUITests.framework */,
			);
			name = Frameworks;
			sourceTree = "<group>";
		};
		C1C3FF8822AF7510000B0FC9 = {
			isa = PBXGroup;
			children = (
				C1C3FF9322AF7510000B0FC9 /* iResume */,
				C1C3FFA822AF7512000B0FC9 /* iResumeTests */,
				C1C3FFB322AF7512000B0FC9 /* iResumeUITests */,
				C1C3FF9222AF7510000B0FC9 /* Products */,
				051A7E943F812093D753F91B /* Pods */,
				8D4CAD2485565175F47A7C59 /* Frameworks */,
			);
			sourceTree = "<group>";
		};
		C1C3FF9222AF7510000B0FC9 /* Products */ = {
			isa = PBXGroup;
			children = (
				C1C3FF9122AF7510000B0FC9 /* iResume.app */,
				C1C3FFA522AF7512000B0FC9 /* iResumeTests.xctest */,
				C1C3FFB022AF7512000B0FC9 /* iResumeUITests.xctest */,
			);
			name = Products;
			sourceTree = "<group>";
		};
		C1C3FF9322AF7510000B0FC9 /* iResume */ = {
			isa = PBXGroup;
			children = (
				C1C3FFC222AF7906000B0FC9 /* GoogleService-Info.plist */,
				C1C3FF9422AF7510000B0FC9 /* AppDelegate.swift */,
				C1C3FF9622AF7510000B0FC9 /* ViewController.swift */,
				C1C3FF9822AF7510000B0FC9 /* Main.storyboard */,
				C1C3FF9B22AF7512000B0FC9 /* Assets.xcassets */,
				C1C3FF9D22AF7512000B0FC9 /* LaunchScreen.storyboard */,
				C1C3FFA022AF7512000B0FC9 /* Info.plist */,
			);
			path = iResume;
			sourceTree = "<group>";
		};
		C1C3FFA822AF7512000B0FC9 /* iResumeTests */ = {
			isa = PBXGroup;
			children = (
				C1C3FFA922AF7512000B0FC9 /* iResumeTests.swift */,
				C1C3FFAB22AF7512000B0FC9 /* Info.plist */,
			);
			path = iResumeTests;
			sourceTree = "<group>";
		};
		C1C3FFB322AF7512000B0FC9 /* iResumeUITests */ = {
			isa = PBXGroup;
			children = (
				C1C3FFB422AF7512000B0FC9 /* iResumeUITests.swift */,
				C1C3FFB622AF7512000B0FC9 /* Info.plist */,
			);
			path = iResumeUITests;
			sourceTree = "<group>";
		};
/* End PBXGroup section */

/* Begin PBXNativeTarget section */
		C1C3FF9022AF7510000B0FC9 /* iResume */ = {
			isa = PBXNativeTarget;
			buildConfigurationList = C1C3FFB922AF7512000B0FC9 /* Build configuration list for PBXNativeTarget "iResume" */;
			buildPhases = (
				BEDE362A48CF9E0FC8702396 /* [CP] Check Pods Manifest.lock */,
				C1C3FF8D22AF7510000B0FC9 /* Sources */,
				C1C3FF8E22AF7510000B0FC9 /* Frameworks */,
				C1C3FF8F22AF7510000B0FC9 /* Resources */,
				6AA3C87852CCB88C4A14F8E4 /* [CP] Embed Pods Frameworks */,
			);
			buildRules = (
			);
			dependencies = (
			);
			name = iResume;
			productName = iResume;
			productReference = C1C3FF9122AF7510000B0FC9 /* iResume.app */;
			productType = "com.apple.product-type.application";
		};
		C1C3FFA422AF7512000B0FC9 /* iResumeTests */ = {
			isa = PBXNativeTarget;
			buildConfigurationList = C1C3FFBC22AF7512000B0FC9 /* Build configuration list for PBXNativeTarget "iResumeTests" */;
			buildPhases = (
				EE0E269188E666103093998E /* [CP] Check Pods Manifest.lock */,
				C1C3FFA122AF7512000B0FC9 /* Sources */,
				C1C3FFA222AF7512000B0FC9 /* Frameworks */,
				C1C3FFA322AF7512000B0FC9 /* Resources */,
			);
			buildRules = (
			);
			dependencies = (
				C1C3FFA722AF7512000B0FC9 /* PBXTargetDependency */,
			);
			name = iResumeTests;
			productName = iResumeTests;
			productReference = C1C3FFA522AF7512000B0FC9 /* iResumeTests.xctest */;
			productType = "com.apple.product-type.bundle.unit-test";
		};
		C1C3FFAF22AF7512000B0FC9 /* iResumeUITests */ = {
			isa = PBXNativeTarget;
			buildConfigurationList = C1C3FFBF22AF7512000B0FC9 /* Build configuration list for PBXNativeTarget "iResumeUITests" */;
			buildPhases = (
				B38DD74DC693480873B4C54E /* [CP] Check Pods Manifest.lock */,
				C1C3FFAC22AF7512000B0FC9 /* Sources */,
				C1C3FFAD22AF7512000B0FC9 /* Frameworks */,
				C1C3FFAE22AF7512000B0FC9 /* Resources */,
			);
			buildRules = (
			);
			dependencies = (
				C1C3FFB222AF7512000B0FC9 /* PBXTargetDependency */,
			);
			name = iResumeUITests;
			productName = iResumeUITests;
			productReference = C1C3FFB022AF7512000B0FC9 /* iResumeUITests.xctest */;
			productType = "com.apple.product-type.bundle.ui-testing";
		};
/* End PBXNativeTarget section */

/* Begin PBXProject section */
		C1C3FF8922AF7510000B0FC9 /* Project object */ = {
			isa = PBXProject;
			attributes = {
				LastSwiftUpdateCheck = 1010;
				LastUpgradeCheck = 1010;
				ORGANIZATIONNAME = "David Arellano";
				TargetAttributes = {
					C1C3FF9022AF7510000B0FC9 = {
						CreatedOnToolsVersion = 10.1;
					};
					C1C3FFA422AF7512000B0FC9 = {
						CreatedOnToolsVersion = 10.1;
						TestTargetID = C1C3FF9022AF7510000B0FC9;
					};
					C1C3FFAF22AF7512000B0FC9 = {
						CreatedOnToolsVersion = 10.1;
						TestTargetID = C1C3FF9022AF7510000B0FC9;
					};
				};
			};
			buildConfigurationList = C1C3FF8C22AF7510000B0FC9 /* Build configuration list for PBXProject "iResume" */;
			compatibilityVersion = "Xcode 9.3";
			developmentRegion = en;
			hasScannedForEncodings = 0;
			knownRegions = (
				en,
				Base,
			);
			mainGroup = C1C3FF8822AF7510000B0FC9;
			productRefGroup = C1C3FF9222AF7510000B0FC9 /* Products */;
			projectDirPath = "";
			projectRoot = "";
			targets = (
				C1C3FF9022AF7510000B0FC9 /* iResume */,
				C1C3FFA422AF7512000B0FC9 /* iResumeTests */,
				C1C3FFAF22AF7512000B0FC9 /* iResumeUITests */,
			);
		};
/* End PBXProject section */

/* Begin PBXResourcesBuildPhase section */
		C1C3FF8F22AF7510000B0FC9 /* Resources */ = {
			isa = PBXResourcesBuildPhase;
			buildActionMask = 2147483647;
			files = (
				C1C3FF9F22AF7512000B0FC9 /* LaunchScreen.storyboard in Resources */,
				C1C3FFC322AF7906000B0FC9 /* GoogleService-Info.plist in Resources */,
				C1C3FF9C22AF7512000B0FC9 /* Assets.xcassets in Resources */,
				C1C3FF9A22AF7510000B0FC9 /* Main.storyboard in Resources */,
			);
			runOnlyForDeploymentPostprocessing = 0;
		};
		C1C3FFA322AF7512000B0FC9 /* Resources */ = {
			isa = PBXResourcesBuildPhase;
			buildActionMask = 2147483647;
			files = (
			);
			runOnlyForDeploymentPostprocessing = 0;
		};
		C1C3FFAE22AF7512000B0FC9 /* Resources */ = {
			isa = PBXResourcesBuildPhase;
			buildActionMask = 2147483647;
			files = (
			);
			runOnlyForDeploymentPostprocessing = 0;
		};
/* End PBXResourcesBuildPhase section */

/* Begin PBXShellScriptBuildPhase section */
		6AA3C87852CCB88C4A14F8E4 /* [CP] Embed Pods Frameworks */ = {
			isa = PBXShellScriptBuildPhase;
			buildActionMask = 2147483647;
			files = (
			);
			inputFileListPaths = (
			);
			inputPaths = (
				"${PODS_ROOT}/Target Support Files/Pods-iResume/Pods-iResume-frameworks.sh",
				"${BUILT_PRODUCTS_DIR}/GoogleUtilities/GoogleUtilities.framework",
				"${BUILT_PRODUCTS_DIR}/nanopb/nanopb.framework",
			);
			name = "[CP] Embed Pods Frameworks";
			outputFileListPaths = (
			);
			outputPaths = (
				"${TARGET_BUILD_DIR}/${FRAMEWORKS_FOLDER_PATH}/GoogleUtilities.framework",
				"${TARGET_BUILD_DIR}/${FRAMEWORKS_FOLDER_PATH}/nanopb.framework",
			);
			runOnlyForDeploymentPostprocessing = 0;
			shellPath = /bin/sh;
			shellScript = "\"${PODS_ROOT}/Target Support Files/Pods-iResume/Pods-iResume-frameworks.sh\"\n";
			showEnvVarsInLog = 0;
		};
		B38DD74DC693480873B4C54E /* [CP] Check Pods Manifest.lock */ = {
			isa = PBXShellScriptBuildPhase;
			buildActionMask = 2147483647;
			files = (
			);
			inputFileListPaths = (
			);
			inputPaths = (
				"${PODS_PODFILE_DIR_PATH}/Podfile.lock",
				"${PODS_ROOT}/Manifest.lock",
			);
			name = "[CP] Check Pods Manifest.lock";
			outputFileListPaths = (
			);
			outputPaths = (
				"$(DERIVED_FILE_DIR)/Pods-iResumeUITests-checkManifestLockResult.txt",
			);
			runOnlyForDeploymentPostprocessing = 0;
			shellPath = /bin/sh;
			shellScript = "diff \"${PODS_PODFILE_DIR_PATH}/Podfile.lock\" \"${PODS_ROOT}/Manifest.lock\" > /dev/null\nif [ $? != 0 ] ; then\n    # print error to STDERR\n    echo \"error: The sandbox is not in sync with the Podfile.lock. Run 'pod install' or update your CocoaPods installation.\" >&2\n    exit 1\nfi\n# This output is used by Xcode 'outputs' to avoid re-running this script phase.\necho \"SUCCESS\" > \"${SCRIPT_OUTPUT_FILE_0}\"\n";
			showEnvVarsInLog = 0;
		};
		BEDE362A48CF9E0FC8702396 /* [CP] Check Pods Manifest.lock */ = {
			isa = PBXShellScriptBuildPhase;
			buildActionMask = 2147483647;
			files = (
			);
			inputFileListPaths = (
			);
			inputPaths = (
				"${PODS_PODFILE_DIR_PATH}/Podfile.lock",
				"${PODS_ROOT}/Manifest.lock",
			);
			name = "[CP] Check Pods Manifest.lock";
			outputFileListPaths = (
			);
			outputPaths = (
				"$(DERIVED_FILE_DIR)/Pods-iResume-checkManifestLockResult.txt",
			);
			runOnlyForDeploymentPostprocessing = 0;
			shellPath = /bin/sh;
			shellScript = "diff \"${PODS_PODFILE_DIR_PATH}/Podfile.lock\" \"${PODS_ROOT}/Manifest.lock\" > /dev/null\nif [ $? != 0 ] ; then\n    # print error to STDERR\n    echo \"error: The sandbox is not in sync with the Podfile.lock. Run 'pod install' or update your CocoaPods installation.\" >&2\n    exit 1\nfi\n# This output is used by Xcode 'outputs' to avoid re-running this script phase.\necho \"SUCCESS\" > \"${SCRIPT_OUTPUT_FILE_0}\"\n";
			showEnvVarsInLog = 0;
		};
		EE0E269188E666103093998E /* [CP] Check Pods Manifest.lock */ = {
			isa = PBXShellScriptBuildPhase;
			buildActionMask = 2147483647;
			files = (
			);
			inputFileListPaths = (
			);
			inputPaths = (
				"${PODS_PODFILE_DIR_PATH}/Podfile.lock",
				"${PODS_ROOT}/Manifest.lock",
			);
			name = "[CP] Check Pods Manifest.lock";
			outputFileListPaths = (
			);
			outputPaths = (
				"$(DERIVED_FILE_DIR)/Pods-iResumeTests-checkManifestLockResult.txt",
			);
			runOnlyForDeploymentPostprocessing = 0;
			shellPath = /bin/sh;
			shellScript = "diff \"${PODS_PODFILE_DIR_PATH}/Podfile.lock\" \"${PODS_ROOT}/Manifest.lock\" > /dev/null\nif [ $? != 0 ] ; then\n    # print error to STDERR\n    echo \"error: The sandbox is not in sync with the Podfile.lock. Run 'pod install' or update your CocoaPods installation.\" >&2\n    exit 1\nfi\n# This output is used by Xcode 'outputs' to avoid re-running this script phase.\necho \"SUCCESS\" > \"${SCRIPT_OUTPUT_FILE_0}\"\n";
			showEnvVarsInLog = 0;
		};
/* End PBXShellScriptBuildPhase section */

/* Begin PBXSourcesBuildPhase section */
		C1C3FF8D22AF7510000B0FC9 /* Sources */ = {
			isa = PBXSourcesBuildPhase;
			buildActionMask = 2147483647;
			files = (
				C1C3FF9722AF7510000B0FC9 /* ViewController.swift in Sources */,
				C1C3FF9522AF7510000B0FC9 /* AppDelegate.swift in Sources */,
			);
			runOnlyForDeploymentPostprocessing = 0;
		};
		C1C3FFA122AF7512000B0FC9 /* Sources */ = {
			isa = PBXSourcesBuildPhase;
			buildActionMask = 2147483647;
			files = (
				C1C3FFAA22AF7512000B0FC9 /* iResumeTests.swift in Sources */,
			);
			runOnlyForDeploymentPostprocessing = 0;
		};
		C1C3FFAC22AF7512000B0FC9 /* Sources */ = {
			isa = PBXSourcesBuildPhase;
			buildActionMask = 2147483647;
			files = (
				C1C3FFB522AF7512000B0FC9 /* iResumeUITests.swift in Sources */,
			);
			runOnlyForDeploymentPostprocessing = 0;
		};
/* End PBXSourcesBuildPhase section */

/* Begin PBXTargetDependency section */
		C1C3FFA722AF7512000B0FC9 /* PBXTargetDependency */ = {
			isa = PBXTargetDependency;
			target = C1C3FF9022AF7510000B0FC9 /* iResume */;
			targetProxy = C1C3FFA622AF7512000B0FC9 /* PBXContainerItemProxy */;
		};
		C1C3FFB222AF7512000B0FC9 /* PBXTargetDependency */ = {
			isa = PBXTargetDependency;
			target = C1C3FF9022AF7510000B0FC9 /* iResume */;
			targetProxy = C1C3FFB122AF7512000B0FC9 /* PBXContainerItemProxy */;
		};
/* End PBXTargetDependency section */

/* Begin PBXVariantGroup section */
		C1C3FF9822AF7510000B0FC9 /* Main.storyboard */ = {
			isa = PBXVariantGroup;
			children = (
				C1C3FF9922AF7510000B0FC9 /* Base */,
			);
			name = Main.storyboard;
			sourceTree = "<group>";
		};
		C1C3FF9D22AF7512000B0FC9 /* LaunchScreen.storyboard */ = {
			isa = PBXVariantGroup;
			children = (
				C1C3FF9E22AF7512000B0FC9 /* Base */,
			);
			name = LaunchScreen.storyboard;
			sourceTree = "<group>";
		};
/* End PBXVariantGroup section */

/* Begin XCBuildConfiguration section */
		C1C3FFB722AF7512000B0FC9 /* Debug */ = {
			isa = XCBuildConfiguration;
			buildSettings = {
				ALWAYS_SEARCH_USER_PATHS = NO;
				CLANG_ANALYZER_NONNULL = YES;
				CLANG_ANALYZER_NUMBER_OBJECT_CONVERSION = YES_AGGRESSIVE;
				CLANG_CXX_LANGUAGE_STANDARD = "gnu++14";
				CLANG_CXX_LIBRARY = "libc++";
				CLANG_ENABLE_MODULES = YES;
				CLANG_ENABLE_OBJC_ARC = YES;
				CLANG_ENABLE_OBJC_WEAK = YES;
				CLANG_WARN_BLOCK_CAPTURE_AUTORELEASING = YES;
				CLANG_WARN_BOOL_CONVERSION = YES;
				CLANG_WARN_COMMA = YES;
				CLANG_WARN_CONSTANT_CONVERSION = YES;
				CLANG_WARN_DEPRECATED_OBJC_IMPLEMENTATIONS = YES;
				CLANG_WARN_DIRECT_OBJC_ISA_USAGE = YES_ERROR;
				CLANG_WARN_DOCUMENTATION_COMMENTS = YES;
				CLANG_WARN_EMPTY_BODY = YES;
				CLANG_WARN_ENUM_CONVERSION = YES;
				CLANG_WARN_INFINITE_RECURSION = YES;
				CLANG_WARN_INT_CONVERSION = YES;
				CLANG_WARN_NON_LITERAL_NULL_CONVERSION = YES;
				CLANG_WARN_OBJC_IMPLICIT_RETAIN_SELF = YES;
				CLANG_WARN_OBJC_LITERAL_CONVERSION = YES;
				CLANG_WARN_OBJC_ROOT_CLASS = YES_ERROR;
				CLANG_WARN_RANGE_LOOP_ANALYSIS = YES;
				CLANG_WARN_STRICT_PROTOTYPES = YES;
				CLANG_WARN_SUSPICIOUS_MOVE = YES;
				CLANG_WARN_UNGUARDED_AVAILABILITY = YES_AGGRESSIVE;
				CLANG_WARN_UNREACHABLE_CODE = YES;
				CLANG_WARN__DUPLICATE_METHOD_MATCH = YES;
				CODE_SIGN_IDENTITY = "iPhone Developer";
				COPY_PHASE_STRIP = NO;
				DEBUG_INFORMATION_FORMAT = dwarf;
				ENABLE_STRICT_OBJC_MSGSEND = YES;
				ENABLE_TESTABILITY = YES;
				GCC_C_LANGUAGE_STANDARD = gnu11;
				GCC_DYNAMIC_NO_PIC = NO;
				GCC_NO_COMMON_BLOCKS = YES;
				GCC_OPTIMIZATION_LEVEL = 0;
				GCC_PREPROCESSOR_DEFINITIONS = (
					"DEBUG=1",
					"$(inherited)",
				);
				GCC_WARN_64_TO_32_BIT_CONVERSION = YES;
				GCC_WARN_ABOUT_RETURN_TYPE = YES_ERROR;
				GCC_WARN_UNDECLARED_SELECTOR = YES;
				GCC_WARN_UNINITIALIZED_AUTOS = YES_AGGRESSIVE;
				GCC_WARN_UNUSED_FUNCTION = YES;
				GCC_WARN_UNUSED_VARIABLE = YES;
				IPHONEOS_DEPLOYMENT_TARGET = 12.1;
				MTL_ENABLE_DEBUG_INFO = INCLUDE_SOURCE;
				MTL_FAST_MATH = YES;
				ONLY_ACTIVE_ARCH = YES;
				SDKROOT = iphoneos;
				SWIFT_ACTIVE_COMPILATION_CONDITIONS = DEBUG;
				SWIFT_OPTIMIZATION_LEVEL = "-Onone";
			};
			name = Debug;
		};
		C1C3FFB822AF7512000B0FC9 /* Release */ = {
			isa = XCBuildConfiguration;
			buildSettings = {
				ALWAYS_SEARCH_USER_PATHS = NO;
				CLANG_ANALYZER_NONNULL = YES;
				CLANG_ANALYZER_NUMBER_OBJECT_CONVERSION = YES_AGGRESSIVE;
				CLANG_CXX_LANGUAGE_STANDARD = "gnu++14";
				CLANG_CXX_LIBRARY = "libc++";
				CLANG_ENABLE_MODULES = YES;
				CLANG_ENABLE_OBJC_ARC = YES;
				CLANG_ENABLE_OBJC_WEAK = YES;
				CLANG_WARN_BLOCK_CAPTURE_AUTORELEASING = YES;
				CLANG_WARN_BOOL_CONVERSION = YES;
				CLANG_WARN_COMMA = YES;
				CLANG_WARN_CONSTANT_CONVERSION = YES;
				CLANG_WARN_DEPRECATED_OBJC_IMPLEMENTATIONS = YES;
				CLANG_WARN_DIRECT_OBJC_ISA_USAGE = YES_ERROR;
				CLANG_WARN_DOCUMENTATION_COMMENTS = YES;
				CLANG_WARN_EMPTY_BODY = YES;
				CLANG_WARN_ENUM_CONVERSION = YES;
				CLANG_WARN_INFINITE_RECURSION = YES;
				CLANG_WARN_INT_CONVERSION = YES;
				CLANG_WARN_NON_LITERAL_NULL_CONVERSION = YES;
				CLANG_WARN_OBJC_IMPLICIT_RETAIN_SELF = YES;
				CLANG_WARN_OBJC_LITERAL_CONVERSION = YES;
				CLANG_WARN_OBJC_ROOT_CLASS = YES_ERROR;
				CLANG_WARN_RANGE_LOOP_ANALYSIS = YES;
				CLANG_WARN_STRICT_PROTOTYPES = YES;
				CLANG_WARN_SUSPICIOUS_MOVE = YES;
				CLANG_WARN_UNGUARDED_AVAILABILITY = YES_AGGRESSIVE;
				CLANG_WARN_UNREACHABLE_CODE = YES;
				CLANG_WARN__DUPLICATE_METHOD_MATCH = YES;
				CODE_SIGN_IDENTITY = "iPhone Developer";
				COPY_PHASE_STRIP = NO;
				DEBUG_INFORMATION_FORMAT = "dwarf-with-dsym";
				ENABLE_NS_ASSERTIONS = NO;
				ENABLE_STRICT_OBJC_MSGSEND = YES;
				GCC_C_LANGUAGE_STANDARD = gnu11;
				GCC_NO_COMMON_BLOCKS = YES;
				GCC_WARN_64_TO_32_BIT_CONVERSION = YES;
				GCC_WARN_ABOUT_RETURN_TYPE = YES_ERROR;
				GCC_WARN_UNDECLARED_SELECTOR = YES;
				GCC_WARN_UNINITIALIZED_AUTOS = YES_AGGRESSIVE;
				GCC_WARN_UNUSED_FUNCTION = YES;
				GCC_WARN_UNUSED_VARIABLE = YES;
				IPHONEOS_DEPLOYMENT_TARGET = 12.1;
				MTL_ENABLE_DEBUG_INFO = NO;
				MTL_FAST_MATH = YES;
				SDKROOT = iphoneos;
				SWIFT_COMPILATION_MODE = wholemodule;
				SWIFT_OPTIMIZATION_LEVEL = "-O";
				VALIDATE_PRODUCT = YES;
			};
			name = Release;
		};
		C1C3FFBA22AF7512000B0FC9 /* Debug */ = {
			isa = XCBuildConfiguration;
			baseConfigurationReference = 56739B2325FFCE9941FD72D7 /* Pods-iResume.debug.xcconfig */;
			buildSettings = {
				ASSETCATALOG_COMPILER_APPICON_NAME = AppIcon;
				CODE_SIGN_STYLE = Automatic;
				DEVELOPMENT_TEAM = JU5QTA5PHH;
				INFOPLIST_FILE = iResume/Info.plist;
				IPHONEOS_DEPLOYMENT_TARGET = 12.1;
				LD_RUNPATH_SEARCH_PATHS = (
					"$(inherited)",
					"@executable_path/Frameworks",
				);
				PRODUCT_BUNDLE_IDENTIFIER = com.mainframe.iResume;
				PRODUCT_NAME = "$(TARGET_NAME)";
				SWIFT_VERSION = 4.2;
				TARGETED_DEVICE_FAMILY = "1,2";
			};
			name = Debug;
		};
		C1C3FFBB22AF7512000B0FC9 /* Release */ = {
			isa = XCBuildConfiguration;
			baseConfigurationReference = A26FF186CE47415591AF94F6 /* Pods-iResume.release.xcconfig */;
			buildSettings = {
				ASSETCATALOG_COMPILER_APPICON_NAME = AppIcon;
				CODE_SIGN_STYLE = Automatic;
				DEVELOPMENT_TEAM = JU5QTA5PHH;
				INFOPLIST_FILE = iResume/Info.plist;
				IPHONEOS_DEPLOYMENT_TARGET = 12.1;
				LD_RUNPATH_SEARCH_PATHS = (
					"$(inherited)",
					"@executable_path/Frameworks",
				);
				PRODUCT_BUNDLE_IDENTIFIER = com.mainframe.iResume;
				PRODUCT_NAME = "$(TARGET_NAME)";
				SWIFT_VERSION = 4.2;
				TARGETED_DEVICE_FAMILY = "1,2";
			};
			name = Release;
		};
		C1C3FFBD22AF7512000B0FC9 /* Debug */ = {
			isa = XCBuildConfiguration;
			baseConfigurationReference = A128D642800A4DA28CBB6926 /* Pods-iResumeTests.debug.xcconfig */;
			buildSettings = {
				ALWAYS_EMBED_SWIFT_STANDARD_LIBRARIES = YES;
				BUNDLE_LOADER = "$(TEST_HOST)";
				CODE_SIGN_STYLE = Automatic;
				DEVELOPMENT_TEAM = JU5QTA5PHH;
				INFOPLIST_FILE = iResumeTests/Info.plist;
				LD_RUNPATH_SEARCH_PATHS = (
					"$(inherited)",
					"@executable_path/Frameworks",
					"@loader_path/Frameworks",
				);
				PRODUCT_BUNDLE_IDENTIFIER = com.mainframe.iResumeTests;
				PRODUCT_NAME = "$(TARGET_NAME)";
				SWIFT_VERSION = 4.2;
				TARGETED_DEVICE_FAMILY = "1,2";
				TEST_HOST = "$(BUILT_PRODUCTS_DIR)/iResume.app/iResume";
			};
			name = Debug;
		};
		C1C3FFBE22AF7512000B0FC9 /* Release */ = {
			isa = XCBuildConfiguration;
			baseConfigurationReference = 3DBDC4090A05414FFBF4C5CD /* Pods-iResumeTests.release.xcconfig */;
			buildSettings = {
				ALWAYS_EMBED_SWIFT_STANDARD_LIBRARIES = YES;
				BUNDLE_LOADER = "$(TEST_HOST)";
				CODE_SIGN_STYLE = Automatic;
				DEVELOPMENT_TEAM = JU5QTA5PHH;
				INFOPLIST_FILE = iResumeTests/Info.plist;
				LD_RUNPATH_SEARCH_PATHS = (
					"$(inherited)",
					"@executable_path/Frameworks",
					"@loader_path/Frameworks",
				);
				PRODUCT_BUNDLE_IDENTIFIER = com.mainframe.iResumeTests;
				PRODUCT_NAME = "$(TARGET_NAME)";
				SWIFT_VERSION = 4.2;
				TARGETED_DEVICE_FAMILY = "1,2";
				TEST_HOST = "$(BUILT_PRODUCTS_DIR)/iResume.app/iResume";
			};
			name = Release;
		};
		C1C3FFC022AF7512000B0FC9 /* Debug */ = {
			isa = XCBuildConfiguration;
			baseConfigurationReference = 203CCCD7D28CB552911520C2 /* Pods-iResumeUITests.debug.xcconfig */;
			buildSettings = {
				ALWAYS_EMBED_SWIFT_STANDARD_LIBRARIES = YES;
				CODE_SIGN_STYLE = Automatic;
				DEVELOPMENT_TEAM = JU5QTA5PHH;
				INFOPLIST_FILE = iResumeUITests/Info.plist;
				LD_RUNPATH_SEARCH_PATHS = (
					"$(inherited)",
					"@executable_path/Frameworks",
					"@loader_path/Frameworks",
				);
				PRODUCT_BUNDLE_IDENTIFIER = com.mainframe.iResumeUITests;
				PRODUCT_NAME = "$(TARGET_NAME)";
				SWIFT_VERSION = 4.2;
				TARGETED_DEVICE_FAMILY = "1,2";
				TEST_TARGET_NAME = iResume;
			};
			name = Debug;
		};
		C1C3FFC122AF7512000B0FC9 /* Release */ = {
			isa = XCBuildConfiguration;
			baseConfigurationReference = A7E579C5FFFB85D6B976E8E6 /* Pods-iResumeUITests.release.xcconfig */;
			buildSettings = {
				ALWAYS_EMBED_SWIFT_STANDARD_LIBRARIES = YES;
				CODE_SIGN_STYLE = Automatic;
				DEVELOPMENT_TEAM = JU5QTA5PHH;
				INFOPLIST_FILE = iResumeUITests/Info.plist;
				LD_RUNPATH_SEARCH_PATHS = (
					"$(inherited)",
					"@executable_path/Frameworks",
					"@loader_path/Frameworks",
				);
				PRODUCT_BUNDLE_IDENTIFIER = com.mainframe.iResumeUITests;
				PRODUCT_NAME = "$(TARGET_NAME)";
				SWIFT_VERSION = 4.2;
				TARGETED_DEVICE_FAMILY = "1,2";
				TEST_TARGET_NAME = iResume;
			};
			name = Release;
		};
/* End XCBuildConfiguration section */

/* Begin XCConfigurationList section */
		C1C3FF8C22AF7510000B0FC9 /* Build configuration list for PBXProject "iResume" */ = {
			isa = XCConfigurationList;
			buildConfigurations = (
				C1C3FFB722AF7512000B0FC9 /* Debug */,
				C1C3FFB822AF7512000B0FC9 /* Release */,
			);
			defaultConfigurationIsVisible = 0;
			defaultConfigurationName = Release;
		};
		C1C3FFB922AF7512000B0FC9 /* Build configuration list for PBXNativeTarget "iResume" */ = {
			isa = XCConfigurationList;
			buildConfigurations = (
				C1C3FFBA22AF7512000B0FC9 /* Debug */,
				C1C3FFBB22AF7512000B0FC9 /* Release */,
			);
			defaultConfigurationIsVisible = 0;
			defaultConfigurationName = Release;
		};
		C1C3FFBC22AF7512000B0FC9 /* Build configuration list for PBXNativeTarget "iResumeTests" */ = {
			isa = XCConfigurationList;
			buildConfigurations = (
				C1C3FFBD22AF7512000B0FC9 /* Debug */,
				C1C3FFBE22AF7512000B0FC9 /* Release */,
			);
			defaultConfigurationIsVisible = 0;
			defaultConfigurationName = Release;
		};
		C1C3FFBF22AF7512000B0FC9 /* Build configuration list for PBXNativeTarget "iResumeUITests" */ = {
			isa = XCConfigurationList;
			buildConfigurations = (
				C1C3FFC022AF7512000B0FC9 /* Debug */,
				C1C3FFC122AF7512000B0FC9 /* Release */,
			);
			defaultConfigurationIsVisible = 0;
			defaultConfigurationName = Release;
		};
/* End XCConfigurationList section */
	};
	rootObject = C1C3FF8922AF7510000B0FC9 /* Project object */;
}
